
Microsoft Visual Studio Solution File, Format Version 12.00
# Visual Studio Version 17
VisualStudioVersion = 17.8.34408.163
MinimumVisualStudioVersion = 10.0.40219.1
Project("{2150E333-8FDC-42A3-9474-1A3956D46DE8}") = "Bolos", "Bolos", "{FC7D0512-342F-40B3-B450-2BFF37A996E3}"
EndProject
Project("{FAE04EC0-301F-11D3-BF4B-00C04F79EFBC}") = "KatasBolos", "src\KatasBolos\KatasBolos.csproj", "{0945C1A9-58CC-4AF7-98A6-6DAB689B4306}"
EndProject
Project("{FAE04EC0-301F-11D3-BF4B-00C04F79EFBC}") = "KataBolosTest", "src\KataBolosTest\KataBolosTest.csproj", "{0FCE1394-411E-4015-BF45-40F5C5D0ADC7}"
EndProject
Global
	GlobalSection(SolutionConfigurationPlatforms) = preSolution
		Debug|Any CPU = Debug|Any CPU
		Release|Any CPU = Release|Any CPU
	EndGlobalSection
	GlobalSection(ProjectConfigurationPlatforms) = postSolution
		{0945C1A9-58CC-4AF7-98A6-6DAB689B4306}.Debug|Any CPU.ActiveCfg = Debug|Any CPU
		{0945C1A9-58CC-4AF7-98A6-6DAB689B4306}.Debug|Any CPU.Build.0 = Debug|Any CPU
		{0945C1A9-58CC-4AF7-98A6-6DAB689B4306}.Release|Any CPU.ActiveCfg = Release|Any CPU
		{0945C1A9-58CC-4AF7-98A6-6DAB689B4306}.Release|Any CPU.Build.0 = Release|Any CPU
		{0FCE1394-411E-4015-BF45-40F5C5D0ADC7}.Debug|Any CPU.ActiveCfg = Debug|Any CPU
		{0FCE1394-411E-4015-BF45-40F5C5D0ADC7}.Debug|Any CPU.Build.0 = Debug|Any CPU
		{0FCE1394-411E-4015-BF45-40F5C5D0ADC7}.Release|Any CPU.ActiveCfg = Release|Any CPU
		{0FCE1394-411E-4015-BF45-40F5C5D0ADC7}.Release|Any CPU.Build.0 = Release|Any CPU
	EndGlobalSection
	GlobalSection(SolutionProperties) = preSolution
		HideSolutionNode = FALSE
	EndGlobalSection
	GlobalSection(NestedProjects) = preSolution
		{0945C1A9-58CC-4AF7-98A6-6DAB689B4306} = {FC7D0512-342F-40B3-B450-2BFF37A996E3}
		{0FCE1394-411E-4015-BF45-40F5C5D0ADC7} = {FC7D0512-342F-40B3-B450-2BFF37A996E3}
	EndGlobalSection
	GlobalSection(ExtensibilityGlobals) = postSolution
		SolutionGuid = {D588AA6A-D452-4F2F-9760-6F7F272EF956}
	EndGlobalSection
EndGlobal
